PODS:
  - AppAuth (1.4.0):
    - AppAuth/Core (= 1.4.0)
    - AppAuth/ExternalUserAgent (= 1.4.0)
  - AppAuth/Core (1.4.0)
  - AppAuth/ExternalUserAgent (1.4.0)
  - boost-for-react-native (1.63.0)
  - DirectCheckout (0.0.3)
  - DoubleConversion (1.1.6)
  - EXApplication (3.1.2):
    - UMCore
  - EXConstants (10.1.3):
    - UMConstantsInterface
    - UMCore
  - EXErrorRecovery (2.1.0):
    - UMCore
  - EXFileSystem (11.0.2):
    - UMCore
    - UMFileSystemInterface
  - EXFont (9.1.0):
    - UMCore
    - UMFontInterface
  - EXImageLoader (2.1.1):
    - React-Core
    - UMCore
    - UMImageLoaderInterface
  - EXKeepAwake (9.1.2):
    - UMCore
  - EXPermissions (12.0.1):
    - UMCore
    - UMPermissionsInterface
  - EXSplashScreen (0.10.2):
    - React-Core
    - UMCore
  - EXStructuredHeaders (1.0.1):
    - UMCore
  - EXUpdates (0.5.5):
    - EXStructuredHeaders
    - React-Core
    - UMCore
  - FBLazyVector (0.64.2)
  - FBReactNativeSpec (0.64.2):
    - RCT-Folly (= 2020.01.13.00)
    - RCTRequired (= 0.64.2)
    - RCTTypeSafety (= 0.64.2)
    - React-Core (= 0.64.2)
    - React-jsi (= 0.64.2)
    - ReactCommon/turbomodule/core (= 0.64.2)
  - FBSDKCoreKit (9.3.0):
    - FBSDKCoreKit/Basics (= 9.3.0)
    - FBSDKCoreKit/Core (= 9.3.0)
  - FBSDKCoreKit/Basics (9.3.0)
  - FBSDKCoreKit/Core (9.3.0):
    - FBSDKCoreKit/Basics
  - FBSDKLoginKit (9.3.0):
    - FBSDKLoginKit/Login (= 9.3.0)
  - FBSDKLoginKit/Login (9.3.0):
    - FBSDKCoreKit (~> 9.3.0)
  - FBSDKShareKit (9.3.0):
    - FBSDKShareKit/Share (= 9.3.0)
  - FBSDKShareKit/Share (9.3.0):
    - FBSDKCoreKit (~> 9.3.0)
  - glog (0.3.5)
  - GoogleSignIn (5.0.2):
    - AppAuth (~> 1.2)
    - GTMAppAuth (~> 1.0)
    - GTMSessionFetcher/Core (~> 1.1)
  - GTMAppAuth (1.2.2):
    - AppAuth/Core (~> 1.4)
    - GTMSessionFetcher/Core (~> 1.5)
  - GTMSessionFetcher/Core (1.7.0)
  - Permission-AppTrackingTransparency (3.0.5):
    - RNPermissions
  - Permission-BluetoothPeripheral (3.0.5):
    - RNPermissions
  - Permission-Calendars (3.0.5):
    - RNPermissions
  - Permission-Camera (3.0.5):
    - RNPermissions
  - Permission-Contacts (3.0.5):
    - RNPermissions
  - Permission-FaceID (3.0.5):
    - RNPermissions
  - Permission-LocationAccuracy (3.0.5):
    - RNPermissions
  - Permission-LocationAlways (3.0.5):
    - RNPermissions
  - Permission-LocationWhenInUse (3.0.5):
    - RNPermissions
  - Permission-MediaLibrary (3.0.5):
    - RNPermissions
  - Permission-Microphone (3.0.5):
    - RNPermissions
  - Permission-Motion (3.0.5):
    - RNPermissions
  - Permission-Notifications (3.0.5):
    - RNPermissions
  - Permission-PhotoLibrary (3.0.5):
    - RNPermissions
  - Permission-PhotoLibraryAddOnly (3.0.5):
    - RNPermissions
  - Permission-Reminders (3.0.5):
    - RNPermissions
  - Permission-Siri (3.0.5):
    - RNPermissions
  - Permission-SpeechRecognition (3.0.5):
    - RNPermissions
  - Permission-StoreKit (3.0.5):
    - RNPermissions
  - RCT-Folly (2020.01.13.00):
    - boost-for-react-native
    - DoubleConversion
    - glog
    - RCT-Folly/Default (= 2020.01.13.00)
  - RCT-Folly/Default (2020.01.13.00):
    - boost-for-react-native
    - DoubleConversion
    - glog
  - RCTRequired (0.64.2)
  - RCTTypeSafety (0.64.2):
    - FBLazyVector (= 0.64.2)
    - RCT-Folly (= 2020.01.13.00)
    - RCTRequired (= 0.64.2)
    - React-Core (= 0.64.2)
  - React (0.64.2):
    - React-Core (= 0.64.2)
    - React-Core/DevSupport (= 0.64.2)
    - React-Core/RCTWebSocket (= 0.64.2)
    - React-RCTActionSheet (= 0.64.2)
    - React-RCTAnimation (= 0.64.2)
    - React-RCTBlob (= 0.64.2)
    - React-RCTImage (= 0.64.2)
    - React-RCTLinking (= 0.64.2)
    - React-RCTNetwork (= 0.64.2)
    - React-RCTSettings (= 0.64.2)
    - React-RCTText (= 0.64.2)
    - React-RCTVibration (= 0.64.2)
  - React-callinvoker (0.64.2)
  - React-Core (0.64.2):
    - glog
    - RCT-Folly (= 2020.01.13.00)
    - React-Core/Default (= 0.64.2)
    - React-cxxreact (= 0.64.2)
    - React-jsi (= 0.64.2)
    - React-jsiexecutor (= 0.64.2)
    - React-perflogger (= 0.64.2)
    - Yoga
  - React-Core/CoreModulesHeaders (0.64.2):
    - glog
    - RCT-Folly (= 2020.01.13.00)
    - React-Core/Default
    - React-cxxreact (= 0.64.2)
    - React-jsi (= 0.64.2)
    - React-jsiexecutor (= 0.64.2)
    - React-perflogger (= 0.64.2)
    - Yoga
  - React-Core/Default (0.64.2):
    - glog
    - RCT-Folly (= 2020.01.13.00)
    - React-cxxreact (= 0.64.2)
    - React-jsi (= 0.64.2)
    - React-jsiexecutor (= 0.64.2)
    - React-perflogger (= 0.64.2)
    - Yoga
  - React-Core/DevSupport (0.64.2):
    - glog
    - RCT-Folly (= 2020.01.13.00)
    - React-Core/Default (= 0.64.2)
    - React-Core/RCTWebSocket (= 0.64.2)
    - React-cxxreact (= 0.64.2)
    - React-jsi (= 0.64.2)
    - React-jsiexecutor (= 0.64.2)
    - React-jsinspector (= 0.64.2)
    - React-perflogger (= 0.64.2)
    - Yoga
  - React-Core/RCTActionSheetHeaders (0.64.2):
    - glog
    - RCT-Folly (= 2020.01.13.00)
    - React-Core/Default
    - React-cxxreact (= 0.64.2)
    - React-jsi (= 0.64.2)
    - React-jsiexecutor (= 0.64.2)
    - React-perflogger (= 0.64.2)
    - Yoga
  - React-Core/RCTAnimationHeaders (0.64.2):
    - glog
    - RCT-Folly (= 2020.01.13.00)
    - React-Core/Default
    - React-cxxreact (= 0.64.2)
    - React-jsi (= 0.64.2)
    - React-jsiexecutor (= 0.64.2)
    - React-perflogger (= 0.64.2)
    - Yoga
  - React-Core/RCTBlobHeaders (0.64.2):
    - glog
    - RCT-Folly (= 2020.01.13.00)
    - React-Core/Default
    - React-cxxreact (= 0.64.2)
    - React-jsi (= 0.64.2)
    - React-jsiexecutor (= 0.64.2)
    - React-perflogger (= 0.64.2)
    - Yoga
  - React-Core/RCTImageHeaders (0.64.2):
    - glog
    - RCT-Folly (= 2020.01.13.00)
    - React-Core/Default
    - React-cxxreact (= 0.64.2)
    - React-jsi (= 0.64.2)
    - React-jsiexecutor (= 0.64.2)
    - React-perflogger (= 0.64.2)
    - Yoga
  - React-Core/RCTLinkingHeaders (0.64.2):
    - glog
    - RCT-Folly (= 2020.01.13.00)
    - React-Core/Default
    - React-cxxreact (= 0.64.2)
    - React-jsi (= 0.64.2)
    - React-jsiexecutor (= 0.64.2)
    - React-perflogger (= 0.64.2)
    - Yoga
  - React-Core/RCTNetworkHeaders (0.64.2):
    - glog
    - RCT-Folly (= 2020.01.13.00)
    - React-Core/Default
    - React-cxxreact (= 0.64.2)
    - React-jsi (= 0.64.2)
    - React-jsiexecutor (= 0.64.2)
    - React-perflogger (= 0.64.2)
    - Yoga
  - React-Core/RCTSettingsHeaders (0.64.2):
    - glog
    - RCT-Folly (= 2020.01.13.00)
    - React-Core/Default
    - React-cxxreact (= 0.64.2)
    - React-jsi (= 0.64.2)
    - React-jsiexecutor (= 0.64.2)
    - React-perflogger (= 0.64.2)
    - Yoga
  - React-Core/RCTTextHeaders (0.64.2):
    - glog
    - RCT-Folly (= 2020.01.13.00)
    - React-Core/Default
    - React-cxxreact (= 0.64.2)
    - React-jsi (= 0.64.2)
    - React-jsiexecutor (= 0.64.2)
    - React-perflogger (= 0.64.2)
    - Yoga
  - React-Core/RCTVibrationHeaders (0.64.2):
    - glog
    - RCT-Folly (= 2020.01.13.00)
    - React-Core/Default
    - React-cxxreact (= 0.64.2)
    - React-jsi (= 0.64.2)
    - React-jsiexecutor (= 0.64.2)
    - React-perflogger (= 0.64.2)
    - Yoga
  - React-Core/RCTWebSocket (0.64.2):
    - glog
    - RCT-Folly (= 2020.01.13.00)
    - React-Core/Default (= 0.64.2)
    - React-cxxreact (= 0.64.2)
    - React-jsi (= 0.64.2)
    - React-jsiexecutor (= 0.64.2)
    - React-perflogger (= 0.64.2)
    - Yoga
  - React-CoreModules (0.64.2):
    - FBReactNativeSpec (= 0.64.2)
    - RCT-Folly (= 2020.01.13.00)
    - RCTTypeSafety (= 0.64.2)
    - React-Core/CoreModulesHeaders (= 0.64.2)
    - React-jsi (= 0.64.2)
    - React-RCTImage (= 0.64.2)
    - ReactCommon/turbomodule/core (= 0.64.2)
  - React-cxxreact (0.64.2):
    - boost-for-react-native (= 1.63.0)
    - DoubleConversion
    - glog
    - RCT-Folly (= 2020.01.13.00)
    - React-callinvoker (= 0.64.2)
    - React-jsi (= 0.64.2)
    - React-jsinspector (= 0.64.2)
    - React-perflogger (= 0.64.2)
    - React-runtimeexecutor (= 0.64.2)
  - React-jsi (0.64.2):
    - boost-for-react-native (= 1.63.0)
    - DoubleConversion
    - glog
    - RCT-Folly (= 2020.01.13.00)
    - React-jsi/Default (= 0.64.2)
  - React-jsi/Default (0.64.2):
    - boost-for-react-native (= 1.63.0)
    - DoubleConversion
    - glog
    - RCT-Folly (= 2020.01.13.00)
  - React-jsiexecutor (0.64.2):
    - DoubleConversion
    - glog
    - RCT-Folly (= 2020.01.13.00)
    - React-cxxreact (= 0.64.2)
    - React-jsi (= 0.64.2)
    - React-perflogger (= 0.64.2)
  - React-jsinspector (0.64.2)
  - react-native-camera (4.2.1):
    - React-Core
    - react-native-camera/RCT (= 4.2.1)
    - react-native-camera/RN (= 4.2.1)
  - react-native-camera/RCT (4.2.1):
    - React-Core
  - react-native-camera/RN (4.2.1):
    - React-Core
  - react-native-fbsdk-next (4.3.0):
    - React-Core
    - react-native-fbsdk-next/Core (= 4.3.0)
    - react-native-fbsdk-next/Login (= 4.3.0)
    - react-native-fbsdk-next/Share (= 4.3.0)
  - react-native-fbsdk-next/Core (4.3.0):
    - FBSDKCoreKit (~> 9.3)
    - React-Core
  - react-native-fbsdk-next/Login (4.3.0):
    - FBSDKLoginKit (~> 9.3)
    - React-Core
  - react-native-fbsdk-next/Share (4.3.0):
    - FBSDKShareKit (~> 9.3)
    - React-Core
  - react-native-geolocation (2.0.2):
    - React
  - react-native-hce (0.1.2):
    - React
  - react-native-image-picker (4.0.4):
    - React-Core
  - react-native-safe-area-context (3.2.0):
    - React-Core
  - react-native-webview (11.6.4):
    - React-Core
  - React-perflogger (0.64.2)
  - React-RCTActionSheet (0.64.2):
    - React-Core/RCTActionSheetHeaders (= 0.64.2)
  - React-RCTAnimation (0.64.2):
    - FBReactNativeSpec (= 0.64.2)
    - RCT-Folly (= 2020.01.13.00)
    - RCTTypeSafety (= 0.64.2)
    - React-Core/RCTAnimationHeaders (= 0.64.2)
    - React-jsi (= 0.64.2)
    - ReactCommon/turbomodule/core (= 0.64.2)
  - React-RCTBlob (0.64.2):
    - FBReactNativeSpec (= 0.64.2)
    - RCT-Folly (= 2020.01.13.00)
    - React-Core/RCTBlobHeaders (= 0.64.2)
    - React-Core/RCTWebSocket (= 0.64.2)
    - React-jsi (= 0.64.2)
    - React-RCTNetwork (= 0.64.2)
    - ReactCommon/turbomodule/core (= 0.64.2)
  - React-RCTImage (0.64.2):
    - FBReactNativeSpec (= 0.64.2)
    - RCT-Folly (= 2020.01.13.00)
    - RCTTypeSafety (= 0.64.2)
    - React-Core/RCTImageHeaders (= 0.64.2)
    - React-jsi (= 0.64.2)
    - React-RCTNetwork (= 0.64.2)
    - ReactCommon/turbomodule/core (= 0.64.2)
  - React-RCTLinking (0.64.2):
    - FBReactNativeSpec (= 0.64.2)
    - React-Core/RCTLinkingHeaders (= 0.64.2)
    - React-jsi (= 0.64.2)
    - ReactCommon/turbomodule/core (= 0.64.2)
  - React-RCTNetwork (0.64.2):
    - FBReactNativeSpec (= 0.64.2)
    - RCT-Folly (= 2020.01.13.00)
    - RCTTypeSafety (= 0.64.2)
    - React-Core/RCTNetworkHeaders (= 0.64.2)
    - React-jsi (= 0.64.2)
    - ReactCommon/turbomodule/core (= 0.64.2)
  - React-RCTSettings (0.64.2):
    - FBReactNativeSpec (= 0.64.2)
    - RCT-Folly (= 2020.01.13.00)
    - RCTTypeSafety (= 0.64.2)
    - React-Core/RCTSettingsHeaders (= 0.64.2)
    - React-jsi (= 0.64.2)
    - ReactCommon/turbomodule/core (= 0.64.2)
  - React-RCTText (0.64.2):
    - React-Core/RCTTextHeaders (= 0.64.2)
  - React-RCTVibration (0.64.2):
    - FBReactNativeSpec (= 0.64.2)
    - RCT-Folly (= 2020.01.13.00)
    - React-Core/RCTVibrationHeaders (= 0.64.2)
    - React-jsi (= 0.64.2)
    - ReactCommon/turbomodule/core (= 0.64.2)
  - React-runtimeexecutor (0.64.2):
    - React-jsi (= 0.64.2)
  - ReactCommon/turbomodule/core (0.64.2):
    - DoubleConversion
    - glog
    - RCT-Folly (= 2020.01.13.00)
    - React-callinvoker (= 0.64.2)
    - React-Core (= 0.64.2)
    - React-cxxreact (= 0.64.2)
    - React-jsi (= 0.64.2)
    - React-perflogger (= 0.64.2)
  - RNAppleAuthentication (2.1.5):
    - React-Core
  - RNCAsyncStorage (1.15.5):
    - React-Core
  - RNCCheckbox (0.5.8):
    - React-Core
  - RNCPushNotificationIOS (1.8.0):
    - React-Core
  - RNDeviceInfo (8.1.3):
    - React-Core
  - RNGestureHandler (1.10.3):
    - React-Core
  - RNGoogleSignin (6.0.1):
    - GoogleSignIn (~> 5.0.0)
    - React-Core
  - RNImageCropPicker (0.36.2):
    - React-Core
    - React-RCTImage
    - RNImageCropPicker/QBImagePickerController (= 0.36.2)
    - TOCropViewController
  - RNImageCropPicker/QBImagePickerController (0.36.2):
    - React-Core
    - React-RCTImage
    - TOCropViewController
  - RNJuno (1.2.0):
    - DirectCheckout
    - React
  - RNPermissions (3.0.5):
    - React-Core
  - RNReanimated (2.1.0):
    - DoubleConversion
    - FBLazyVector
    - FBReactNativeSpec
    - glog
    - RCT-Folly
    - RCTRequired
    - RCTTypeSafety
    - React
    - React-callinvoker
    - React-Core
    - React-Core/DevSupport
    - React-Core/RCTWebSocket
    - React-CoreModules
    - React-cxxreact
    - React-jsi
    - React-jsiexecutor
    - React-jsinspector
    - React-RCTActionSheet
    - React-RCTAnimation
    - React-RCTBlob
    - React-RCTImage
    - React-RCTLinking
    - React-RCTNetwork
    - React-RCTSettings
    - React-RCTText
    - React-RCTVibration
    - ReactCommon/turbomodule/core
    - Yoga
  - RNScreens (3.0.0):
    - React-Core
  - RNVectorIcons (8.1.0):
    - React-Core
  - TOCropViewController (2.6.0)
  - UMAppLoader (2.1.0)
  - UMBarCodeScannerInterface (6.1.0):
    - UMCore
  - UMCameraInterface (6.1.0):
    - UMCore
  - UMConstantsInterface (6.1.0):
    - UMCore
  - UMCore (7.1.0)
  - UMFaceDetectorInterface (6.1.0)
  - UMFileSystemInterface (6.1.0)
  - UMFontInterface (6.1.0)
  - UMImageLoaderInterface (6.1.0)
  - UMPermissionsInterface (6.1.0):
    - UMCore
  - UMReactNativeAdapter (6.2.2):
    - React-Core
    - UMCore
    - UMFontInterface
  - UMSensorsInterface (6.1.0):
    - UMCore
  - UMTaskManagerInterface (6.1.0):
    - UMCore
  - Yoga (1.14.0)

DEPENDENCIES:
  - DoubleConversion (from `../node_modules/react-native/third-party-podspecs/DoubleConversion.podspec`)
  - EXApplication (from `../node_modules/expo-application/ios`)
  - EXConstants (from `../node_modules/expo-constants/ios`)
  - EXErrorRecovery (from `../node_modules/expo-error-recovery/ios`)
  - EXFileSystem (from `../node_modules/expo-file-system/ios`)
  - EXFont (from `../node_modules/expo-font/ios`)
  - EXImageLoader (from `../node_modules/expo-image-loader/ios`)
  - EXKeepAwake (from `../node_modules/expo-keep-awake/ios`)
  - EXPermissions (from `../node_modules/expo-permissions/ios`)
  - EXSplashScreen (from `../node_modules/expo-splash-screen/ios`)
  - EXStructuredHeaders (from `../node_modules/expo-structured-headers/ios`)
  - EXUpdates (from `../node_modules/expo-updates/ios`)
  - FBLazyVector (from `../node_modules/react-native/Libraries/FBLazyVector`)
  - FBReactNativeSpec (from `../node_modules/react-native/React/FBReactNativeSpec`)
  - glog (from `../node_modules/react-native/third-party-podspecs/glog.podspec`)
  - Permission-AppTrackingTransparency (from `../node_modules/react-native-permissions/ios/AppTrackingTransparency`)
  - Permission-BluetoothPeripheral (from `../node_modules/react-native-permissions/ios/BluetoothPeripheral`)
  - Permission-Calendars (from `../node_modules/react-native-permissions/ios/Calendars`)
  - Permission-Camera (from `../node_modules/react-native-permissions/ios/Camera`)
  - Permission-Contacts (from `../node_modules/react-native-permissions/ios/Contacts`)
  - Permission-FaceID (from `../node_modules/react-native-permissions/ios/FaceID`)
  - Permission-LocationAccuracy (from `../node_modules/react-native-permissions/ios/LocationAccuracy`)
  - Permission-LocationAlways (from `../node_modules/react-native-permissions/ios/LocationAlways`)
  - Permission-LocationWhenInUse (from `../node_modules/react-native-permissions/ios/LocationWhenInUse`)
  - Permission-MediaLibrary (from `../node_modules/react-native-permissions/ios/MediaLibrary`)
  - Permission-Microphone (from `../node_modules/react-native-permissions/ios/Microphone`)
  - Permission-Motion (from `../node_modules/react-native-permissions/ios/Motion`)
  - Permission-Notifications (from `../node_modules/react-native-permissions/ios/Notifications`)
  - Permission-PhotoLibrary (from `../node_modules/react-native-permissions/ios/PhotoLibrary`)
  - Permission-PhotoLibraryAddOnly (from `../node_modules/react-native-permissions/ios/PhotoLibraryAddOnly`)
  - Permission-Reminders (from `../node_modules/react-native-permissions/ios/Reminders`)
  - Permission-Siri (from `../node_modules/react-native-permissions/ios/Siri`)
  - Permission-SpeechRecognition (from `../node_modules/react-native-permissions/ios/SpeechRecognition`)
  - Permission-StoreKit (from `../node_modules/react-native-permissions/ios/StoreKit`)
  - RCT-Folly (from `../node_modules/react-native/third-party-podspecs/RCT-Folly.podspec`)
  - RCTRequired (from `../node_modules/react-native/Libraries/RCTRequired`)
  - RCTTypeSafety (from `../node_modules/react-native/Libraries/TypeSafety`)
  - React (from `../node_modules/react-native/`)
  - React-callinvoker (from `../node_modules/react-native/ReactCommon/callinvoker`)
  - React-Core (from `../node_modules/react-native/`)
  - React-Core/DevSupport (from `../node_modules/react-native/`)
  - React-Core/RCTWebSocket (from `../node_modules/react-native/`)
  - React-CoreModules (from `../node_modules/react-native/React/CoreModules`)
  - React-cxxreact (from `../node_modules/react-native/ReactCommon/cxxreact`)
  - React-jsi (from `../node_modules/react-native/ReactCommon/jsi`)
  - React-jsiexecutor (from `../node_modules/react-native/ReactCommon/jsiexecutor`)
  - React-jsinspector (from `../node_modules/react-native/ReactCommon/jsinspector`)
  - react-native-camera (from `../node_modules/react-native-camera`)
  - react-native-fbsdk-next (from `../node_modules/react-native-fbsdk-next`)
  - "react-native-geolocation (from `../node_modules/@react-native-community/geolocation`)"
  - react-native-hce (from `../node_modules/react-native-hce`)
  - react-native-image-picker (from `../node_modules/react-native-image-picker`)
  - react-native-safe-area-context (from `../node_modules/react-native-safe-area-context`)
  - react-native-webview (from `../node_modules/react-native-webview`)
  - React-perflogger (from `../node_modules/react-native/ReactCommon/reactperflogger`)
  - React-RCTActionSheet (from `../node_modules/react-native/Libraries/ActionSheetIOS`)
  - React-RCTAnimation (from `../node_modules/react-native/Libraries/NativeAnimation`)
  - React-RCTBlob (from `../node_modules/react-native/Libraries/Blob`)
  - React-RCTImage (from `../node_modules/react-native/Libraries/Image`)
  - React-RCTLinking (from `../node_modules/react-native/Libraries/LinkingIOS`)
  - React-RCTNetwork (from `../node_modules/react-native/Libraries/Network`)
  - React-RCTSettings (from `../node_modules/react-native/Libraries/Settings`)
  - React-RCTText (from `../node_modules/react-native/Libraries/Text`)
  - React-RCTVibration (from `../node_modules/react-native/Libraries/Vibration`)
  - React-runtimeexecutor (from `../node_modules/react-native/ReactCommon/runtimeexecutor`)
  - ReactCommon/turbomodule/core (from `../node_modules/react-native/ReactCommon`)
  - "RNAppleAuthentication (from `../node_modules/@invertase/react-native-apple-authentication`)"
  - "RNCAsyncStorage (from `../node_modules/@react-native-async-storage/async-storage`)"
  - "RNCCheckbox (from `../node_modules/@react-native-community/checkbox`)"
  - "RNCPushNotificationIOS (from `../node_modules/@react-native-community/push-notification-ios`)"
  - RNDeviceInfo (from `../node_modules/react-native-device-info`)
  - RNGestureHandler (from `../node_modules/react-native-gesture-handler`)
  - "RNGoogleSignin (from `../node_modules/@react-native-google-signin/google-signin`)"
  - RNImageCropPicker (from `../node_modules/react-native-image-crop-picker`)
  - RNJuno (from `../node_modules/react-native-juno`)
  - RNPermissions (from `../node_modules/react-native-permissions`)
  - RNReanimated (from `../node_modules/react-native-reanimated`)
  - RNScreens (from `../node_modules/react-native-screens`)
  - RNVectorIcons (from `../node_modules/react-native-vector-icons`)
  - UMAppLoader (from `../node_modules/unimodules-app-loader/ios`)
  - UMBarCodeScannerInterface (from `../node_modules/unimodules-barcode-scanner-interface/ios`)
  - UMCameraInterface (from `../node_modules/unimodules-camera-interface/ios`)
  - UMConstantsInterface (from `../node_modules/unimodules-constants-interface/ios`)
  - "UMCore (from `../node_modules/@unimodules/core/ios`)"
  - UMFaceDetectorInterface (from `../node_modules/unimodules-face-detector-interface/ios`)
  - UMFileSystemInterface (from `../node_modules/unimodules-file-system-interface/ios`)
  - UMFontInterface (from `../node_modules/unimodules-font-interface/ios`)
  - UMImageLoaderInterface (from `../node_modules/unimodules-image-loader-interface/ios`)
  - UMPermissionsInterface (from `../node_modules/unimodules-permissions-interface/ios`)
  - "UMReactNativeAdapter (from `../node_modules/@unimodules/react-native-adapter/ios`)"
  - UMSensorsInterface (from `../node_modules/unimodules-sensors-interface/ios`)
  - UMTaskManagerInterface (from `../node_modules/unimodules-task-manager-interface/ios`)
  - Yoga (from `../node_modules/react-native/ReactCommon/yoga`)

SPEC REPOS:
  trunk:
    - AppAuth
    - boost-for-react-native
    - DirectCheckout
    - FBSDKCoreKit
    - FBSDKLoginKit
    - FBSDKShareKit
    - GoogleSignIn
    - GTMAppAuth
    - GTMSessionFetcher
    - TOCropViewController

EXTERNAL SOURCES:
  DoubleConversion:
    :podspec: "../node_modules/react-native/third-party-podspecs/DoubleConversion.podspec"
  EXApplication:
    :path: "../node_modules/expo-application/ios"
  EXConstants:
    :path: "../node_modules/expo-constants/ios"
  EXErrorRecovery:
    :path: "../node_modules/expo-error-recovery/ios"
  EXFileSystem:
    :path: "../node_modules/expo-file-system/ios"
  EXFont:
    :path: "../node_modules/expo-font/ios"
  EXImageLoader:
    :path: "../node_modules/expo-image-loader/ios"
  EXKeepAwake:
    :path: "../node_modules/expo-keep-awake/ios"
  EXPermissions:
    :path: "../node_modules/expo-permissions/ios"
  EXSplashScreen:
    :path: "../node_modules/expo-splash-screen/ios"
  EXStructuredHeaders:
    :path: "../node_modules/expo-structured-headers/ios"
  EXUpdates:
    :path: "../node_modules/expo-updates/ios"
  FBLazyVector:
    :path: "../node_modules/react-native/Libraries/FBLazyVector"
  FBReactNativeSpec:
    :path: "../node_modules/react-native/React/FBReactNativeSpec"
  glog:
    :podspec: "../node_modules/react-native/third-party-podspecs/glog.podspec"
  Permission-AppTrackingTransparency:
    :path: "../node_modules/react-native-permissions/ios/AppTrackingTransparency"
  Permission-BluetoothPeripheral:
    :path: "../node_modules/react-native-permissions/ios/BluetoothPeripheral"
  Permission-Calendars:
    :path: "../node_modules/react-native-permissions/ios/Calendars"
  Permission-Camera:
    :path: "../node_modules/react-native-permissions/ios/Camera"
  Permission-Contacts:
    :path: "../node_modules/react-native-permissions/ios/Contacts"
  Permission-FaceID:
    :path: "../node_modules/react-native-permissions/ios/FaceID"
  Permission-LocationAccuracy:
    :path: "../node_modules/react-native-permissions/ios/LocationAccuracy"
  Permission-LocationAlways:
    :path: "../node_modules/react-native-permissions/ios/LocationAlways"
  Permission-LocationWhenInUse:
    :path: "../node_modules/react-native-permissions/ios/LocationWhenInUse"
  Permission-MediaLibrary:
    :path: "../node_modules/react-native-permissions/ios/MediaLibrary"
  Permission-Microphone:
    :path: "../node_modules/react-native-permissions/ios/Microphone"
  Permission-Motion:
    :path: "../node_modules/react-native-permissions/ios/Motion"
  Permission-Notifications:
    :path: "../node_modules/react-native-permissions/ios/Notifications"
  Permission-PhotoLibrary:
    :path: "../node_modules/react-native-permissions/ios/PhotoLibrary"
  Permission-PhotoLibraryAddOnly:
    :path: "../node_modules/react-native-permissions/ios/PhotoLibraryAddOnly"
  Permission-Reminders:
    :path: "../node_modules/react-native-permissions/ios/Reminders"
  Permission-Siri:
    :path: "../node_modules/react-native-permissions/ios/Siri"
  Permission-SpeechRecognition:
    :path: "../node_modules/react-native-permissions/ios/SpeechRecognition"
  Permission-StoreKit:
    :path: "../node_modules/react-native-permissions/ios/StoreKit"
  RCT-Folly:
    :podspec: "../node_modules/react-native/third-party-podspecs/RCT-Folly.podspec"
  RCTRequired:
    :path: "../node_modules/react-native/Libraries/RCTRequired"
  RCTTypeSafety:
    :path: "../node_modules/react-native/Libraries/TypeSafety"
  React:
    :path: "../node_modules/react-native/"
  React-callinvoker:
    :path: "../node_modules/react-native/ReactCommon/callinvoker"
  React-Core:
    :path: "../node_modules/react-native/"
  React-CoreModules:
    :path: "../node_modules/react-native/React/CoreModules"
  React-cxxreact:
    :path: "../node_modules/react-native/ReactCommon/cxxreact"
  React-jsi:
    :path: "../node_modules/react-native/ReactCommon/jsi"
  React-jsiexecutor:
    :path: "../node_modules/react-native/ReactCommon/jsiexecutor"
  React-jsinspector:
    :path: "../node_modules/react-native/ReactCommon/jsinspector"
  react-native-camera:
    :path: "../node_modules/react-native-camera"
  react-native-fbsdk-next:
    :path: "../node_modules/react-native-fbsdk-next"
  react-native-geolocation:
    :path: "../node_modules/@react-native-community/geolocation"
  react-native-hce:
    :path: "../node_modules/react-native-hce"
  react-native-image-picker:
    :path: "../node_modules/react-native-image-picker"
  react-native-safe-area-context:
    :path: "../node_modules/react-native-safe-area-context"
  react-native-webview:
    :path: "../node_modules/react-native-webview"
  React-perflogger:
    :path: "../node_modules/react-native/ReactCommon/reactperflogger"
  React-RCTActionSheet:
    :path: "../node_modules/react-native/Libraries/ActionSheetIOS"
  React-RCTAnimation:
    :path: "../node_modules/react-native/Libraries/NativeAnimation"
  React-RCTBlob:
    :path: "../node_modules/react-native/Libraries/Blob"
  React-RCTImage:
    :path: "../node_modules/react-native/Libraries/Image"
  React-RCTLinking:
    :path: "../node_modules/react-native/Libraries/LinkingIOS"
  React-RCTNetwork:
    :path: "../node_modules/react-native/Libraries/Network"
  React-RCTSettings:
    :path: "../node_modules/react-native/Libraries/Settings"
  React-RCTText:
    :path: "../node_modules/react-native/Libraries/Text"
  React-RCTVibration:
    :path: "../node_modules/react-native/Libraries/Vibration"
  React-runtimeexecutor:
    :path: "../node_modules/react-native/ReactCommon/runtimeexecutor"
  ReactCommon:
    :path: "../node_modules/react-native/ReactCommon"
  RNAppleAuthentication:
    :path: "../node_modules/@invertase/react-native-apple-authentication"
  RNCAsyncStorage:
    :path: "../node_modules/@react-native-async-storage/async-storage"
  RNCCheckbox:
    :path: "../node_modules/@react-native-community/checkbox"
  RNCPushNotificationIOS:
    :path: "../node_modules/@react-native-community/push-notification-ios"
  RNDeviceInfo:
    :path: "../node_modules/react-native-device-info"
  RNGestureHandler:
    :path: "../node_modules/react-native-gesture-handler"
  RNGoogleSignin:
    :path: "../node_modules/@react-native-google-signin/google-signin"
  RNImageCropPicker:
    :path: "../node_modules/react-native-image-crop-picker"
  RNJuno:
    :path: "../node_modules/react-native-juno"
  RNPermissions:
    :path: "../node_modules/react-native-permissions"
  RNReanimated:
    :path: "../node_modules/react-native-reanimated"
  RNScreens:
    :path: "../node_modules/react-native-screens"
  RNVectorIcons:
    :path: "../node_modules/react-native-vector-icons"
  UMAppLoader:
    :path: "../node_modules/unimodules-app-loader/ios"
  UMBarCodeScannerInterface:
    :path: "../node_modules/unimodules-barcode-scanner-interface/ios"
  UMCameraInterface:
    :path: "../node_modules/unimodules-camera-interface/ios"
  UMConstantsInterface:
    :path: "../node_modules/unimodules-constants-interface/ios"
  UMCore:
    :path: "../node_modules/@unimodules/core/ios"
  UMFaceDetectorInterface:
    :path: "../node_modules/unimodules-face-detector-interface/ios"
  UMFileSystemInterface:
    :path: "../node_modules/unimodules-file-system-interface/ios"
  UMFontInterface:
    :path: "../node_modules/unimodules-font-interface/ios"
  UMImageLoaderInterface:
    :path: "../node_modules/unimodules-image-loader-interface/ios"
  UMPermissionsInterface:
    :path: "../node_modules/unimodules-permissions-interface/ios"
  UMReactNativeAdapter:
    :path: "../node_modules/@unimodules/react-native-adapter/ios"
  UMSensorsInterface:
    :path: "../node_modules/unimodules-sensors-interface/ios"
  UMTaskManagerInterface:
    :path: "../node_modules/unimodules-task-manager-interface/ios"
  Yoga:
    :path: "../node_modules/react-native/ReactCommon/yoga"

SPEC CHECKSUMS:
  AppAuth: 31bcec809a638d7bd2f86ea8a52bd45f6e81e7c7
  boost-for-react-native: 39c7adb57c4e60d6c5479dd8623128eb5b3f0f2c
  DirectCheckout: 0912fc266e29394464cfe8488e4511634386db08
  DoubleConversion: cf9b38bf0b2d048436d9a82ad2abe1404f11e7de
  EXApplication: 4797b8b37f0b0470f587fdccf6407f44b50d18b5
  EXConstants: c4dd28acc12039c999612507a5f935556f2c86ce
  EXErrorRecovery: 720641265b8cf95e6cdeb1884ac38e794a352488
  EXFileSystem: dcf2273f49431e5037347c733a2dc5d08e0d0a9e
  EXFont: d6fb79f9863120f0d0b26b0c2d1453bc9511e9df
  EXImageLoader: da941c9399e01ec28f2d5b270bdd21f2c8ca596c
  EXKeepAwake: d4e4a3ed8c1c4fd940dd62fc5a8be2a190371fd4
  EXPermissions: 8f8c1c05580c4e02d4ee2c8dd74bfe173ff6a723
  EXSplashScreen: a9baaf4fa866003884c90ba049f18760d6a8ce39
  EXStructuredHeaders: be834496a4d9fd0069cd12ec1cc57b31c6d3b256
  EXUpdates: efe0e8c514dcff06a8fd0b63be6019a6365fb9c7
  FBLazyVector: e686045572151edef46010a6f819ade377dfeb4b
  FBReactNativeSpec: 1b7fb1926025061761cbc1e11f7e7ef8905ddab9
  FBSDKCoreKit: 0d1ae58388a458b8222f72025804cdc84eb5d0c3
  FBSDKLoginKit: aea68df6121c5e165ccae2fabfdc83c4644ee40f
  FBSDKShareKit: 70889c97c62f0c6b3ccb8b999e73a85f19024001
  glog: 73c2498ac6884b13ede40eda8228cb1eee9d9d62
  GoogleSignIn: 7137d297ddc022a7e0aa4619c86d72c909fa7213
  GTMAppAuth: ad5c2b70b9a8689e1a04033c9369c4915bfcbe89
  GTMSessionFetcher: 43748f93435c2aa068b1cbe39655aaf600652e91
  Permission-AppTrackingTransparency: ed3a54759541929d0a81a75b04a3559af5b2a738
  Permission-BluetoothPeripheral: deb3e2052364da825f8516d200c40f066b5ff421
  Permission-Calendars: 7524e233f7cec0c95b7e40f8cf017383183e9289
  Permission-Camera: ac603073e4128e51e6ca3c39129778f05b4082fa
  Permission-Contacts: 4bd4bdbbcec21ce0175e02cc4925070a773204cf
  Permission-FaceID: 9b1f0d42ee7aa2c830844964e739676fe6b634bd
  Permission-LocationAccuracy: c008fa8c4a90fcb6e33f465c2a8684e92d93b794
  Permission-LocationAlways: 0704c3bcce11f98f8d6ddf34c49c65893ec64b09
  Permission-LocationWhenInUse: e1168a583654f1d2d34d3a18c4c6518ce409ad2a
  Permission-MediaLibrary: ca07553882f0533f67739cdea7486c369b6556f0
  Permission-Microphone: f795f37089f6de4c71ae147b32770a5ebfdee08c
  Permission-Motion: ea8c247adbe0aaf0d82027014d6d67b629000512
  Permission-Notifications: 16ccd862111103378a7bab9fb1c5c71addffc348
  Permission-PhotoLibrary: 0748c1a490fad126dfe36dbea8234dedfe59cc27
  Permission-PhotoLibraryAddOnly: 224d33cea3c2f1f8982a2a4e343c0726fba3acf9
  Permission-Reminders: 26a287d1ac29db33c237af7dfbc2f3e786a58896
  Permission-Siri: 01083b1ef6964b961e74e6693a727f1c37a42272
  Permission-SpeechRecognition: fb67f19ecfd3de245833d2c1fc0ba00278f90cac
  Permission-StoreKit: cf0ca74fec91ecf132cfb92257e06371160cb464
  RCT-Folly: ec7a233ccc97cc556cf7237f0db1ff65b986f27c
  RCTRequired: 6d3e854f0e7260a648badd0d44fc364bc9da9728
  RCTTypeSafety: c1f31d19349c6b53085766359caac425926fafaa
  React: bda6b6d7ae912de97d7a61aa5c160db24aa2ad69
  React-callinvoker: 9840ea7e8e88ed73d438edb725574820b29b5baa
  React-Core: b5e385da7ce5f16a220fc60fd0749eae2c6120f0
  React-CoreModules: 17071a4e2c5239b01585f4aa8070141168ab298f
  React-cxxreact: 9be7b6340ed9f7c53e53deca7779f07cd66525ba
  React-jsi: 67747b9722f6dab2ffe15b011bcf6b3f2c3f1427
  React-jsiexecutor: 80c46bd381fd06e418e0d4f53672dc1d1945c4c3
  React-jsinspector: cc614ec18a9ca96fd275100c16d74d62ee11f0ae
  react-native-camera: 3eae183c1d111103963f3dd913b65d01aef8110f
  react-native-fbsdk-next: 19e974b071047b7ed1dad86a9dc3fe77dff76b8c
  react-native-geolocation: c956aeb136625c23e0dce0467664af2c437888c9
  react-native-hce: 677aa1c41edf183523bb7b1014d106a08631ff88
  react-native-image-picker: c07b072faa83f3480b473a15ea3c19cc39b3d6fa
  react-native-safe-area-context: f0906bf8bc9835ac9a9d3f97e8bde2a997d8da79
  react-native-webview: 1a19adb5578cdf7f005b7961dcc50c1c6b70f41b
  React-perflogger: 25373e382fed75ce768a443822f07098a15ab737
  React-RCTActionSheet: af7796ba49ffe4ca92e7277a5d992d37203f7da5
  React-RCTAnimation: 6a2e76ab50c6f25b428d81b76a5a45351c4d77aa
  React-RCTBlob: 02a2887023e0eed99391b6445b2e23a2a6f9226d
  React-RCTImage: ce5bf8e7438f2286d9b646a05d6ab11f38b0323d
  React-RCTLinking: ccd20742de14e020cb5f99d5c7e0bf0383aefbd9
  React-RCTNetwork: dfb9d089ab0753e5e5f55fc4b1210858f7245647
  React-RCTSettings: b14aef2d83699e48b410fb7c3ba5b66cd3291ae2
  React-RCTText: 41a2e952dd9adc5caf6fb68ed46b275194d5da5f
  React-RCTVibration: 24600e3b1aaa77126989bc58b6747509a1ba14f3
  React-runtimeexecutor: a9904c6d0218fb9f8b19d6dd88607225927668f9
  ReactCommon: 149906e01aa51142707a10665185db879898e966
  RNAppleAuthentication: 63c2127ace11985b94f852fc480eb84145653712
  RNCAsyncStorage: 56a3355a10b5d660c48c6e37325ac85ebfd09885
  RNCCheckbox: 6bd119c26c6eb8264a29d59ff66cb70a14de3349
  RNCPushNotificationIOS: 61a7c72bd1ebad3568025957d001e0f0e7b32191
  RNDeviceInfo: 8d3a29207835f972bce883723882980143270d55
  RNGestureHandler: a479ebd5ed4221a810967000735517df0d2db211
  RNGoogleSignin: e64616a4080cf7d83f4b292fad82d174587444e2
  RNImageCropPicker: 35a3ceb837446fa11547704709bb22b5fac6d584
  RNJuno: 2695d559749e6c5cf24aacb9065f8b32f89d0a28
  RNPermissions: 7043bacbf928eae25808275cfe73799b8f618911
  RNReanimated: b8c8004b43446e3c2709fe64b2b41072f87428ad
  RNScreens: e8e8dd0588b5da0ab57dcca76ab9b2d8987757e0
  RNVectorIcons: 31cebfcf94e8cf8686eb5303ae0357da64d7a5a4
  TOCropViewController: 3105367e808b7d3d886a74ff59bf4804e7d3ab38
  UMAppLoader: fe2708bb0ac5cd70052bc207d06aa3b7e72b9e97
  UMBarCodeScannerInterface: 79f92bea5f7af39b381a4c82298105ceb537408a
  UMCameraInterface: 81ff46700da88435f17afedfc88915eaede7e6a6
  UMConstantsInterface: bb94dd46039dcde276ed50225b29e22785e604bf
  UMCore: 60b35f4d217461f7b54934b0c5be67442871f01f
  UMFaceDetectorInterface: 791eec55ffca1171992976b7eceb73e69e391c58
  UMFileSystemInterface: f72245e90ce78fa6427180ff0b0904ead13d8161
  UMFontInterface: 5843cff7db85a42ba629aaac53d33091c35524d3
  UMImageLoaderInterface: 9ddffeb644b3f45d4eb0c2f51a2fd95fd5c8d1a4
  UMPermissionsInterface: 40b72935a7d12a3f60dc6b7bb99ce47908380cb1
  UMReactNativeAdapter: 65ada852a648fcb6674acfbfe72ccb095f2f5b75
  UMSensorsInterface: a5e9db661e5d9ae214762033d725989880ae6993
  UMTaskManagerInterface: 203c11259d2699b5b3a4eda4adbc466f5cb5c561
  Yoga: 575c581c63e0d35c9a83f4b46d01d63abc1100ac

PODFILE CHECKSUM: 4a0cd390199196f5944fa2ca1598b5a2c98f9553

COCOAPODS: 1.11.2
